
Microsoft Visual Studio Solution File, Format Version 12.00
# Visual Studio Version 17
VisualStudioVersion = 17.6.33815.320
MinimumVisualStudioVersion = 10.0.40219.1
Project("{888888A0-9F3D-457C-B088-3A5042F75D52}") = "DinerTonkatsu", "DinerTonkatsu\DinerTonkatsu.pyproj", "{658E988C-9BEB-4CEC-92C4-DB6BC9BD249F}"
EndProject
Global
	GlobalSection(SolutionConfigurationPlatforms) = preSolution
		Debug|Any CPU = Debug|Any CPU
		Release|Any CPU = Release|Any CPU
	EndGlobalSection
	GlobalSection(ProjectConfigurationPlatforms) = postSolution
		{658E988C-9BEB-4CEC-92C4-DB6BC9BD249F}.Debug|Any CPU.ActiveCfg = Debug|Any CPU
		{658E988C-9BEB-4CEC-92C4-DB6BC9BD249F}.Release|Any CPU.ActiveCfg = Release|Any CPU
	EndGlobalSection
	GlobalSection(SolutionProperties) = preSolution
		HideSolutionNode = FALSE
	EndGlobalSection
	GlobalSection(ExtensibilityGlobals) = postSolution
		SolutionGuid = {8FD62EFC-38AD-4769-8467-54F47CDB4F62}
	EndGlobalSection
EndGlobal
